
Microsoft Visual Studio Solution File, Format Version 12.00
# Visual Studio 14
VisualStudioVersion = 14.0.25420.1
MinimumVisualStudioVersion = 10.0.40219.1
Project("{FAE04EC0-301F-11D3-BF4B-00C04F79EFBC}") = "SalaryCalculation.Data", "SalaryCalculation.Data\SalaryCalculation.Data.csproj", "{459AAE35-CF9B-4052-8594-7C3F83F2B699}"
EndProject
Project("{FAE04EC0-301F-11D3-BF4B-00C04F79EFBC}") = "SalaryCalculation.Business", "SalaryCalculation.Business\SalaryCalculation.Business.csproj", "{98142C7B-C115-4643-8D1E-ACC76120836A}"
EndProject
Project("{FAE04EC0-301F-11D3-BF4B-00C04F79EFBC}") = "SalaryCalculation.Api", "SalaryCalculation.Api\SalaryCalculation.Api.csproj", "{D5E72EB0-27BF-461B-9E4B-A40D007A7C0D}"
EndProject
Project("{FAE04EC0-301F-11D3-BF4B-00C04F79EFBC}") = "SalaryCalculation.Api.Tests", "SalaryCalculation.Api.Tests\SalaryCalculation.Api.Tests.csproj", "{6C0F900D-8F93-4A46-BF6F-B26A5F1764F5}"
EndProject
Project("{FAE04EC0-301F-11D3-BF4B-00C04F79EFBC}") = "ConsoleTestApp", "ConsoleTestApp\ConsoleTestApp.csproj", "{C003B01D-904F-4BF1-9135-B64286A82A9F}"
EndProject
Global
	GlobalSection(SolutionConfigurationPlatforms) = preSolution
		Debug|Any CPU = Debug|Any CPU
		Release|Any CPU = Release|Any CPU
	EndGlobalSection
	GlobalSection(ProjectConfigurationPlatforms) = postSolution
		{459AAE35-CF9B-4052-8594-7C3F83F2B699}.Debug|Any CPU.ActiveCfg = Debug|Any CPU
		{459AAE35-CF9B-4052-8594-7C3F83F2B699}.Debug|Any CPU.Build.0 = Debug|Any CPU
		{459AAE35-CF9B-4052-8594-7C3F83F2B699}.Release|Any CPU.ActiveCfg = Release|Any CPU
		{459AAE35-CF9B-4052-8594-7C3F83F2B699}.Release|Any CPU.Build.0 = Release|Any CPU
		{98142C7B-C115-4643-8D1E-ACC76120836A}.Debug|Any CPU.ActiveCfg = Debug|Any CPU
		{98142C7B-C115-4643-8D1E-ACC76120836A}.Debug|Any CPU.Build.0 = Debug|Any CPU
		{98142C7B-C115-4643-8D1E-ACC76120836A}.Release|Any CPU.ActiveCfg = Release|Any CPU
		{98142C7B-C115-4643-8D1E-ACC76120836A}.Release|Any CPU.Build.0 = Release|Any CPU
		{D5E72EB0-27BF-461B-9E4B-A40D007A7C0D}.Debug|Any CPU.ActiveCfg = Debug|Any CPU
		{D5E72EB0-27BF-461B-9E4B-A40D007A7C0D}.Debug|Any CPU.Build.0 = Debug|Any CPU
		{D5E72EB0-27BF-461B-9E4B-A40D007A7C0D}.Release|Any CPU.ActiveCfg = Release|Any CPU
		{D5E72EB0-27BF-461B-9E4B-A40D007A7C0D}.Release|Any CPU.Build.0 = Release|Any CPU
		{6C0F900D-8F93-4A46-BF6F-B26A5F1764F5}.Debug|Any CPU.ActiveCfg = Debug|Any CPU
		{6C0F900D-8F93-4A46-BF6F-B26A5F1764F5}.Debug|Any CPU.Build.0 = Debug|Any CPU
		{6C0F900D-8F93-4A46-BF6F-B26A5F1764F5}.Release|Any CPU.ActiveCfg = Release|Any CPU
		{6C0F900D-8F93-4A46-BF6F-B26A5F1764F5}.Release|Any CPU.Build.0 = Release|Any CPU
		{C003B01D-904F-4BF1-9135-B64286A82A9F}.Debug|Any CPU.ActiveCfg = Debug|Any CPU
		{C003B01D-904F-4BF1-9135-B64286A82A9F}.Debug|Any CPU.Build.0 = Debug|Any CPU
		{C003B01D-904F-4BF1-9135-B64286A82A9F}.Release|Any CPU.ActiveCfg = Release|Any CPU
		{C003B01D-904F-4BF1-9135-B64286A82A9F}.Release|Any CPU.Build.0 = Release|Any CPU
	EndGlobalSection
	GlobalSection(SolutionProperties) = preSolution
		HideSolutionNode = FALSE
	EndGlobalSection
EndGlobal
